// !$*UTF8*$!
{
	archiveVersion = 1;
	classes = {
	};
	objectVersion = 56;
	objects = {

/* Begin PBXBuildFile section */
		9E25D2DA29998CA700293AB7 /* Media.xcassets in Resources */ = {isa = PBXBuildFile; fileRef = 9E25D2D129998CA700293AB7 /* Media.xcassets */; };
		9E25D2DB29998CA700293AB7 /* ConverterScreen.swift in Sources */ = {isa = PBXBuildFile; fileRef = 9E25D2D229998CA700293AB7 /* ConverterScreen.swift */; };
		9E25D2DC29998CA700293AB7 /* Localizable.strings in Resources */ = {isa = PBXBuildFile; fileRef = 9E25D2D329998CA700293AB7 /* Localizable.strings */; };
		9E25D2DE29998CA700293AB7 /* RateHistoryPage.swift in Sources */ = {isa = PBXBuildFile; fileRef = 9E25D2D629998CA700293AB7 /* RateHistoryPage.swift */; };
		9E25D2DF29998CA700293AB7 /* AppDelegate.swift in Sources */ = {isa = PBXBuildFile; fileRef = 9E25D2D829998CA700293AB7 /* AppDelegate.swift */; };
		9EFEB4852A91413D00860A54 /* DMSans-Regular.ttf in Resources */ = {isa = PBXBuildFile; fileRef = 9EFEB4842A91413D00860A54 /* DMSans-Regular.ttf */; };
		A22FC4902A9A44A50037B6D6 /* DMSans-Bold.ttf in Resources */ = {isa = PBXBuildFile; fileRef = A22FC48F2A9A445B0037B6D6 /* DMSans-Bold.ttf */; };
		A261608D2AEC7CAC00C6DF13 /* Model.xcdatamodeld in Sources */ = {isa = PBXBuildFile; fileRef = A261608B2AEC7CAC00C6DF13 /* Model.xcdatamodeld */; };
		A2616D462B173E58000AF9A7 /* SetColorByCode.swift in Sources */ = {isa = PBXBuildFile; fileRef = A2616D452B173E58000AF9A7 /* SetColorByCode.swift */; };
		A2B496F5299FBDD00017A82A /* CurrencyScreen.swift in Sources */ = {isa = PBXBuildFile; fileRef = A2B496F4299FBDD00017A82A /* CurrencyScreen.swift */; };
		A2B496F729A2C5200017A82A /* TableViewCellForCurrencyScreen.swift in Sources */ = {isa = PBXBuildFile; fileRef = A2B496F629A2C5200017A82A /* TableViewCellForCurrencyScreen.swift */; };
		A2B496FB29A802A30017A82A /* CurData.swift in Sources */ = {isa = PBXBuildFile; fileRef = A2B496FA29A802A20017A82A /* CurData.swift */; };
		A2B4970629AACC060017A82A /* SwifterSwift in Frameworks */ = {isa = PBXBuildFile; productRef = A2B4970529AACC060017A82A /* SwifterSwift */; };
		A2B4970829B2B31D0017A82A /* ConvertResult.swift in Sources */ = {isa = PBXBuildFile; fileRef = A2B4970729B2B31D0017A82A /* ConvertResult.swift */; };
		A2C48E9329E09FD8004A5594 /* DiagramPage.swift in Sources */ = {isa = PBXBuildFile; fileRef = A2C48E9229E09FD8004A5594 /* DiagramPage.swift */; };
		A2C48EAD29E47990004A5594 /* Charts in Frameworks */ = {isa = PBXBuildFile; productRef = A2C48EAC29E47990004A5594 /* Charts */; };
		A2C48EAF29E5C412004A5594 /* DiagramResult.swift in Sources */ = {isa = PBXBuildFile; fileRef = A2C48EAE29E5C412004A5594 /* DiagramResult.swift */; };
		A2EA57312AD2DA6F0043EB27 /* Collections in Frameworks */ = {isa = PBXBuildFile; productRef = A2EA57302AD2DA6F0043EB27 /* Collections */; };
		A2EA57332AD2DA6F0043EB27 /* DequeModule in Frameworks */ = {isa = PBXBuildFile; productRef = A2EA57322AD2DA6F0043EB27 /* DequeModule */; };
		A2EA57352AD2DA6F0043EB27 /* OrderedCollections in Frameworks */ = {isa = PBXBuildFile; productRef = A2EA57342AD2DA6F0043EB27 /* OrderedCollections */; };
		A2EA87582A23E2FA00AAC943 /* CurrencyApi.swift in Sources */ = {isa = PBXBuildFile; fileRef = A2EA87572A23E2FA00AAC943 /* CurrencyApi.swift */; };
		A2F83E20299AE3AA00FAE989 /* SnapKit in Frameworks */ = {isa = PBXBuildFile; productRef = A2F83E1F299AE3AA00FAE989 /* SnapKit */; };
		A2FEBA5529C11BB7006363DB /* RateData.swift in Sources */ = {isa = PBXBuildFile; fileRef = A2FEBA5429C11BB7006363DB /* RateData.swift */; };
		A2FEBA7729D4EE5F006363DB /* RatesHistoryList.swift in Sources */ = {isa = PBXBuildFile; fileRef = A2FEBA7629D4EE5F006363DB /* RatesHistoryList.swift */; };
		A2FEBA7A29D4EF99006363DB /* Swiftstraints in Frameworks */ = {isa = PBXBuildFile; productRef = A2FEBA7929D4EF99006363DB /* Swiftstraints */; };
/* End PBXBuildFile section */

/* Begin PBXFileReference section */
		9E25D2B729998C2B00293AB7 /* CurrencyConverter.app */ = {isa = PBXFileReference; explicitFileType = wrapper.application; includeInIndex = 0; path = CurrencyConverter.app; sourceTree = BUILT_PRODUCTS_DIR; };
		9E25D2D129998CA700293AB7 /* Media.xcassets */ = {isa = PBXFileReference; lastKnownFileType = folder.assetcatalog; path = Media.xcassets; sourceTree = "<group>"; };
		9E25D2D229998CA700293AB7 /* ConverterScreen.swift */ = {isa = PBXFileReference; fileEncoding = 4; lastKnownFileType = sourcecode.swift; path = ConverterScreen.swift; sourceTree = "<group>"; };
		9E25D2D429998CA700293AB7 /* en */ = {isa = PBXFileReference; lastKnownFileType = text.plist.strings; name = en; path = en.lproj/Localizable.strings; sourceTree = "<group>"; };
		9E25D2D629998CA700293AB7 /* RateHistoryPage.swift */ = {isa = PBXFileReference; fileEncoding = 4; lastKnownFileType = sourcecode.swift; path = RateHistoryPage.swift; sourceTree = "<group>"; };
		9E25D2D729998CA700293AB7 /* ru */ = {isa = PBXFileReference; lastKnownFileType = text.plist.strings; name = ru; path = ru.lproj/Localizable.strings; sourceTree = "<group>"; };
		9E25D2D829998CA700293AB7 /* AppDelegate.swift */ = {isa = PBXFileReference; fileEncoding = 4; lastKnownFileType = sourcecode.swift; path = AppDelegate.swift; sourceTree = "<group>"; };
		9E25D2D929998CA700293AB7 /* Info.plist */ = {isa = PBXFileReference; fileEncoding = 4; lastKnownFileType = text.plist.xml; path = Info.plist; sourceTree = "<group>"; };
		9EFEB4842A91413D00860A54 /* DMSans-Regular.ttf */ = {isa = PBXFileReference; lastKnownFileType = file; path = "DMSans-Regular.ttf"; sourceTree = "<group>"; };
		A22FC48F2A9A445B0037B6D6 /* DMSans-Bold.ttf */ = {isa = PBXFileReference; lastKnownFileType = file; path = "DMSans-Bold.ttf"; sourceTree = "<group>"; };
		A261608C2AEC7CAC00C6DF13 /* Model.xcdatamodel */ = {isa = PBXFileReference; lastKnownFileType = wrapper.xcdatamodel; path = Model.xcdatamodel; sourceTree = "<group>"; };
		A2616D452B173E58000AF9A7 /* SetColorByCode.swift */ = {isa = PBXFileReference; lastKnownFileType = sourcecode.swift; path = SetColorByCode.swift; sourceTree = "<group>"; };
		A2B496F4299FBDD00017A82A /* CurrencyScreen.swift */ = {isa = PBXFileReference; lastKnownFileType = sourcecode.swift; path = CurrencyScreen.swift; sourceTree = "<group>"; };
		A2B496F629A2C5200017A82A /* TableViewCellForCurrencyScreen.swift */ = {isa = PBXFileReference; lastKnownFileType = sourcecode.swift; path = TableViewCellForCurrencyScreen.swift; sourceTree = "<group>"; };
		A2B496FA29A802A20017A82A /* CurData.swift */ = {isa = PBXFileReference; lastKnownFileType = sourcecode.swift; path = CurData.swift; sourceTree = "<group>"; };
		A2B4970729B2B31D0017A82A /* ConvertResult.swift */ = {isa = PBXFileReference; lastKnownFileType = sourcecode.swift; path = ConvertResult.swift; sourceTree = "<group>"; };
		A2C48E9229E09FD8004A5594 /* DiagramPage.swift */ = {isa = PBXFileReference; lastKnownFileType = sourcecode.swift; path = DiagramPage.swift; sourceTree = "<group>"; };
		A2C48EAE29E5C412004A5594 /* DiagramResult.swift */ = {isa = PBXFileReference; lastKnownFileType = sourcecode.swift; path = DiagramResult.swift; sourceTree = "<group>"; };
		A2EA87572A23E2FA00AAC943 /* CurrencyApi.swift */ = {isa = PBXFileReference; lastKnownFileType = sourcecode.swift; path = CurrencyApi.swift; sourceTree = "<group>"; };
		A2FEBA5429C11BB7006363DB /* RateData.swift */ = {isa = PBXFileReference; lastKnownFileType = sourcecode.swift; path = RateData.swift; sourceTree = "<group>"; };
		A2FEBA7629D4EE5F006363DB /* RatesHistoryList.swift */ = {isa = PBXFileReference; lastKnownFileType = sourcecode.swift; path = RatesHistoryList.swift; sourceTree = "<group>"; };
/* End PBXFileReference section */

/* Begin PBXFrameworksBuildPhase section */
		9E25D2B429998C2B00293AB7 /* Frameworks */ = {
			isa = PBXFrameworksBuildPhase;
			buildActionMask = 2147483647;
			files = (
				A2F83E20299AE3AA00FAE989 /* SnapKit in Frameworks */,
				A2B4970629AACC060017A82A /* SwifterSwift in Frameworks */,
				A2EA57312AD2DA6F0043EB27 /* Collections in Frameworks */,
				A2FEBA7A29D4EF99006363DB /* Swiftstraints in Frameworks */,
				A2C48EAD29E47990004A5594 /* Charts in Frameworks */,
				A2EA57352AD2DA6F0043EB27 /* OrderedCollections in Frameworks */,
				A2EA57332AD2DA6F0043EB27 /* DequeModule in Frameworks */,
			);
			runOnlyForDeploymentPostprocessing = 0;
		};
/* End PBXFrameworksBuildPhase section */

/* Begin PBXGroup section */
		9E25D2AE29998C2B00293AB7 = {
			isa = PBXGroup;
			children = (
				9E25D2D029998CA700293AB7 /* Sources */,
				9E25D2B829998C2B00293AB7 /* Products */,
				A2B496FF29AAC9660017A82A /* Frameworks */,
			);
			sourceTree = "<group>";
		};
		9E25D2B829998C2B00293AB7 /* Products */ = {
			isa = PBXGroup;
			children = (
				9E25D2B729998C2B00293AB7 /* CurrencyConverter.app */,
			);
			name = Products;
			sourceTree = "<group>";
		};
		9E25D2D029998CA700293AB7 /* Sources */ = {
			isa = PBXGroup;
			children = (
				9EFEB4832A91413D00860A54 /* Fonts */,
				9E25D2D129998CA700293AB7 /* Media.xcassets */,
				A2B4970729B2B31D0017A82A /* ConvertResult.swift */,
				A2EA87572A23E2FA00AAC943 /* CurrencyApi.swift */,
				9E25D2D229998CA700293AB7 /* ConverterScreen.swift */,
				A2C48E9229E09FD8004A5594 /* DiagramPage.swift */,
				A2C48EAE29E5C412004A5594 /* DiagramResult.swift */,
				A2FEBA5429C11BB7006363DB /* RateData.swift */,
				A2B496F4299FBDD00017A82A /* CurrencyScreen.swift */,
				A2B496FA29A802A20017A82A /* CurData.swift */,
				A2B496F629A2C5200017A82A /* TableViewCellForCurrencyScreen.swift */,
				9E25D2D329998CA700293AB7 /* Localizable.strings */,
				9E25D2D629998CA700293AB7 /* RateHistoryPage.swift */,
				A2FEBA7629D4EE5F006363DB /* RatesHistoryList.swift */,
				9E25D2D829998CA700293AB7 /* AppDelegate.swift */,
				A261608B2AEC7CAC00C6DF13 /* Model.xcdatamodeld */,
				9E25D2D929998CA700293AB7 /* Info.plist */,
				A2616D452B173E58000AF9A7 /* SetColorByCode.swift */,
			);
			path = Sources;
			sourceTree = "<group>";
		};
		9EFEB4832A91413D00860A54 /* Fonts */ = {
			isa = PBXGroup;
			children = (
				A22FC48F2A9A445B0037B6D6 /* DMSans-Bold.ttf */,
				9EFEB4842A91413D00860A54 /* DMSans-Regular.ttf */,
			);
			path = Fonts;
			sourceTree = "<group>";
		};
		A2B496FF29AAC9660017A82A /* Frameworks */ = {
			isa = PBXGroup;
			children = (
			);
			name = Frameworks;
			sourceTree = "<group>";
		};
/* End PBXGroup section */

/* Begin PBXNativeTarget section */
		9E25D2B629998C2B00293AB7 /* CurrencyConverter */ = {
			isa = PBXNativeTarget;
			buildConfigurationList = 9E25D2CB29998C2D00293AB7 /* Build configuration list for PBXNativeTarget "CurrencyConverter" */;
			buildPhases = (
				9E25D2B329998C2B00293AB7 /* Sources */,
				9E25D2B429998C2B00293AB7 /* Frameworks */,
				9E25D2B529998C2B00293AB7 /* Resources */,
			);
			buildRules = (
			);
			dependencies = (
			);
			name = CurrencyConverter;
			packageProductDependencies = (
				A2F83E1F299AE3AA00FAE989 /* SnapKit */,
				A2B4970529AACC060017A82A /* SwifterSwift */,
				A2FEBA7929D4EF99006363DB /* Swiftstraints */,
				A2C48EAC29E47990004A5594 /* Charts */,
				A2EA57302AD2DA6F0043EB27 /* Collections */,
				A2EA57322AD2DA6F0043EB27 /* DequeModule */,
				A2EA57342AD2DA6F0043EB27 /* OrderedCollections */,
			);
			productName = CurrencyConverter;
			productReference = 9E25D2B729998C2B00293AB7 /* CurrencyConverter.app */;
			productType = "com.apple.product-type.application";
		};
/* End PBXNativeTarget section */

/* Begin PBXProject section */
		9E25D2AF29998C2B00293AB7 /* Project object */ = {
			isa = PBXProject;
			attributes = {
				BuildIndependentTargetsInParallel = 1;
				LastSwiftUpdateCheck = 1420;
				LastUpgradeCheck = 1510;
				TargetAttributes = {
					9E25D2B629998C2B00293AB7 = {
						CreatedOnToolsVersion = 14.2;
					};
				};
			};
			buildConfigurationList = 9E25D2B229998C2B00293AB7 /* Build configuration list for PBXProject "CurrencyConverter" */;
			compatibilityVersion = "Xcode 14.0";
			developmentRegion = en;
			hasScannedForEncodings = 0;
			knownRegions = (
				en,
				Base,
				ru,
			);
			mainGroup = 9E25D2AE29998C2B00293AB7;
			packageReferences = (
				A2F83E1E299AE3AA00FAE989 /* XCRemoteSwiftPackageReference "SnapKit" */,
				A2B4970429AACC060017A82A /* XCRemoteSwiftPackageReference "SwifterSwift" */,
				A2FEBA7829D4EF99006363DB /* XCRemoteSwiftPackageReference "Swiftstraints" */,
				A2C48EAB29E47990004A5594 /* XCRemoteSwiftPackageReference "Charts" */,
				A2EA572F2AD2DA6F0043EB27 /* XCRemoteSwiftPackageReference "swift-collections" */,
			);
			productRefGroup = 9E25D2B829998C2B00293AB7 /* Products */;
			projectDirPath = "";
			projectRoot = "";
			targets = (
				9E25D2B629998C2B00293AB7 /* CurrencyConverter */,
			);
		};
/* End PBXProject section */

/* Begin PBXResourcesBuildPhase section */
		9E25D2B529998C2B00293AB7 /* Resources */ = {
			isa = PBXResourcesBuildPhase;
			buildActionMask = 2147483647;
			files = (
				9EFEB4852A91413D00860A54 /* DMSans-Regular.ttf in Resources */,
				9E25D2DC29998CA700293AB7 /* Localizable.strings in Resources */,
				9E25D2DA29998CA700293AB7 /* Media.xcassets in Resources */,
				A22FC4902A9A44A50037B6D6 /* DMSans-Bold.ttf in Resources */,
			);
			runOnlyForDeploymentPostprocessing = 0;
		};
/* End PBXResourcesBuildPhase section */

/* Begin PBXSourcesBuildPhase section */
		9E25D2B329998C2B00293AB7 /* Sources */ = {
			isa = PBXSourcesBuildPhase;
			buildActionMask = 2147483647;
			files = (
				A2C48EAF29E5C412004A5594 /* DiagramResult.swift in Sources */,
				9E25D2DF29998CA700293AB7 /* AppDelegate.swift in Sources */,
				A2616D462B173E58000AF9A7 /* SetColorByCode.swift in Sources */,
				9E25D2DB29998CA700293AB7 /* ConverterScreen.swift in Sources */,
				A2C48E9329E09FD8004A5594 /* DiagramPage.swift in Sources */,
				A2B496FB29A802A30017A82A /* CurData.swift in Sources */,
				A2EA87582A23E2FA00AAC943 /* CurrencyApi.swift in Sources */,
				A2B496F5299FBDD00017A82A /* CurrencyScreen.swift in Sources */,
				9E25D2DE29998CA700293AB7 /* RateHistoryPage.swift in Sources */,
				A2FEBA7729D4EE5F006363DB /* RatesHistoryList.swift in Sources */,
				A2B4970829B2B31D0017A82A /* ConvertResult.swift in Sources */,
				A2B496F729A2C5200017A82A /* TableViewCellForCurrencyScreen.swift in Sources */,
				A261608D2AEC7CAC00C6DF13 /* Model.xcdatamodeld in Sources */,
				A2FEBA5529C11BB7006363DB /* RateData.swift in Sources */,
			);
			runOnlyForDeploymentPostprocessing = 0;
		};
/* End PBXSourcesBuildPhase section */

/* Begin PBXVariantGroup section */
		9E25D2D329998CA700293AB7 /* Localizable.strings */ = {
			isa = PBXVariantGroup;
			children = (
				9E25D2D429998CA700293AB7 /* en */,
				9E25D2D729998CA700293AB7 /* ru */,
			);
			name = Localizable.strings;
			sourceTree = "<group>";
		};
/* End PBXVariantGroup section */

/* Begin XCBuildConfiguration section */
		9E25D2C929998C2D00293AB7 /* Debug */ = {
			isa = XCBuildConfiguration;
			buildSettings = {
				ALWAYS_SEARCH_USER_PATHS = NO;
				CLANG_ANALYZER_LOCALIZABILITY_NONLOCALIZED = YES;
				CLANG_ANALYZER_NONNULL = YES;
				CLANG_ANALYZER_NUMBER_OBJECT_CONVERSION = YES_AGGRESSIVE;
				CLANG_CXX_LANGUAGE_STANDARD = "gnu++20";
				CLANG_ENABLE_MODULES = YES;
				CLANG_ENABLE_OBJC_ARC = YES;
				CLANG_ENABLE_OBJC_WEAK = YES;
				CLANG_WARN_BLOCK_CAPTURE_AUTORELEASING = YES;
				CLANG_WARN_BOOL_CONVERSION = YES;
				CLANG_WARN_COMMA = YES;
				CLANG_WARN_CONSTANT_CONVERSION = YES;
				CLANG_WARN_DEPRECATED_OBJC_IMPLEMENTATIONS = YES;
				CLANG_WARN_DIRECT_OBJC_ISA_USAGE = YES_ERROR;
				CLANG_WARN_DOCUMENTATION_COMMENTS = YES;
				CLANG_WARN_EMPTY_BODY = YES;
				CLANG_WARN_ENUM_CONVERSION = YES;
				CLANG_WARN_INFINITE_RECURSION = YES;
				CLANG_WARN_INT_CONVERSION = YES;
				CLANG_WARN_NON_LITERAL_NULL_CONVERSION = YES;
				CLANG_WARN_OBJC_IMPLICIT_RETAIN_SELF = YES;
				CLANG_WARN_OBJC_LITERAL_CONVERSION = YES;
				CLANG_WARN_OBJC_ROOT_CLASS = YES_ERROR;
				CLANG_WARN_QUOTED_INCLUDE_IN_FRAMEWORK_HEADER = YES;
				CLANG_WARN_RANGE_LOOP_ANALYSIS = YES;
				CLANG_WARN_STRICT_PROTOTYPES = YES;
				CLANG_WARN_SUSPICIOUS_MOVE = YES;
				CLANG_WARN_UNGUARDED_AVAILABILITY = YES_AGGRESSIVE;
				CLANG_WARN_UNREACHABLE_CODE = YES;
				CLANG_WARN__DUPLICATE_METHOD_MATCH = YES;
				COPY_PHASE_STRIP = NO;
				DEBUG_INFORMATION_FORMAT = dwarf;
				ENABLE_STRICT_OBJC_MSGSEND = YES;
				ENABLE_TESTABILITY = YES;
				ENABLE_USER_SCRIPT_SANDBOXING = YES;
				GCC_C_LANGUAGE_STANDARD = gnu11;
				GCC_DYNAMIC_NO_PIC = NO;
				GCC_NO_COMMON_BLOCKS = YES;
				GCC_OPTIMIZATION_LEVEL = 0;
				GCC_PREPROCESSOR_DEFINITIONS = (
					"DEBUG=1",
					"$(inherited)",
				);
				GCC_WARN_64_TO_32_BIT_CONVERSION = YES;
				GCC_WARN_ABOUT_RETURN_TYPE = YES_ERROR;
				GCC_WARN_UNDECLARED_SELECTOR = YES;
				GCC_WARN_UNINITIALIZED_AUTOS = YES_AGGRESSIVE;
				GCC_WARN_UNUSED_FUNCTION = YES;
				GCC_WARN_UNUSED_VARIABLE = YES;
				IPHONEOS_DEPLOYMENT_TARGET = 16.2;
				MTL_ENABLE_DEBUG_INFO = INCLUDE_SOURCE;
				MTL_FAST_MATH = YES;
				ONLY_ACTIVE_ARCH = YES;
				SDKROOT = iphoneos;
				SWIFT_ACTIVE_COMPILATION_CONDITIONS = DEBUG;
				SWIFT_OPTIMIZATION_LEVEL = "-Onone";
			};
			name = Debug;
		};
		9E25D2CA29998C2D00293AB7 /* Release */ = {
			isa = XCBuildConfiguration;
			buildSettings = {
				ALWAYS_SEARCH_USER_PATHS = NO;
				CLANG_ANALYZER_LOCALIZABILITY_NONLOCALIZED = YES;
				CLANG_ANALYZER_NONNULL = YES;
				CLANG_ANALYZER_NUMBER_OBJECT_CONVERSION = YES_AGGRESSIVE;
				CLANG_CXX_LANGUAGE_STANDARD = "gnu++20";
				CLANG_ENABLE_MODULES = YES;
				CLANG_ENABLE_OBJC_ARC = YES;
				CLANG_ENABLE_OBJC_WEAK = YES;
				CLANG_WARN_BLOCK_CAPTURE_AUTORELEASING = YES;
				CLANG_WARN_BOOL_CONVERSION = YES;
				CLANG_WARN_COMMA = YES;
				CLANG_WARN_CONSTANT_CONVERSION = YES;
				CLANG_WARN_DEPRECATED_OBJC_IMPLEMENTATIONS = YES;
				CLANG_WARN_DIRECT_OBJC_ISA_USAGE = YES_ERROR;
				CLANG_WARN_DOCUMENTATION_COMMENTS = YES;
				CLANG_WARN_EMPTY_BODY = YES;
				CLANG_WARN_ENUM_CONVERSION = YES;
				CLANG_WARN_INFINITE_RECURSION = YES;
				CLANG_WARN_INT_CONVERSION = YES;
				CLANG_WARN_NON_LITERAL_NULL_CONVERSION = YES;
				CLANG_WARN_OBJC_IMPLICIT_RETAIN_SELF = YES;
				CLANG_WARN_OBJC_LITERAL_CONVERSION = YES;
				CLANG_WARN_OBJC_ROOT_CLASS = YES_ERROR;
				CLANG_WARN_QUOTED_INCLUDE_IN_FRAMEWORK_HEADER = YES;
				CLANG_WARN_RANGE_LOOP_ANALYSIS = YES;
				CLANG_WARN_STRICT_PROTOTYPES = YES;
				CLANG_WARN_SUSPICIOUS_MOVE = YES;
				CLANG_WARN_UNGUARDED_AVAILABILITY = YES_AGGRESSIVE;
				CLANG_WARN_UNREACHABLE_CODE = YES;
				CLANG_WARN__DUPLICATE_METHOD_MATCH = YES;
				COPY_PHASE_STRIP = NO;
				DEBUG_INFORMATION_FORMAT = "dwarf-with-dsym";
				ENABLE_NS_ASSERTIONS = NO;
				ENABLE_STRICT_OBJC_MSGSEND = YES;
				ENABLE_USER_SCRIPT_SANDBOXING = YES;
				GCC_C_LANGUAGE_STANDARD = gnu11;
				GCC_NO_COMMON_BLOCKS = YES;
				GCC_WARN_64_TO_32_BIT_CONVERSION = YES;
				GCC_WARN_ABOUT_RETURN_TYPE = YES_ERROR;
				GCC_WARN_UNDECLARED_SELECTOR = YES;
				GCC_WARN_UNINITIALIZED_AUTOS = YES_AGGRESSIVE;
				GCC_WARN_UNUSED_FUNCTION = YES;
				GCC_WARN_UNUSED_VARIABLE = YES;
				IPHONEOS_DEPLOYMENT_TARGET = 16.2;
				MTL_ENABLE_DEBUG_INFO = NO;
				MTL_FAST_MATH = YES;
				SDKROOT = iphoneos;
				SWIFT_COMPILATION_MODE = wholemodule;
				SWIFT_OPTIMIZATION_LEVEL = "-O";
				VALIDATE_PRODUCT = YES;
			};
			name = Release;
		};
		9E25D2CC29998C2D00293AB7 /* Debug */ = {
			isa = XCBuildConfiguration;
			buildSettings = {
				ASSETCATALOG_COMPILER_GLOBAL_ACCENT_COLOR_NAME = AccentColor;
				CODE_SIGN_STYLE = Automatic;
				CURRENT_PROJECT_VERSION = 1;
				GENERATE_INFOPLIST_FILE = NO;
				INFOPLIST_FILE = Sources/Info.plist;
				INFOPLIST_KEY_UIApplicationSupportsIndirectInputEvents = YES;
				INFOPLIST_KEY_UISupportedInterfaceOrientations_iPad = "UIInterfaceOrientationPortrait UIInterfaceOrientationPortraitUpsideDown UIInterfaceOrientationLandscapeLeft UIInterfaceOrientationLandscapeRight";
				INFOPLIST_KEY_UISupportedInterfaceOrientations_iPhone = "UIInterfaceOrientationPortrait UIInterfaceOrientationLandscapeLeft UIInterfaceOrientationLandscapeRight";
				LD_RUNPATH_SEARCH_PATHS = (
					"$(inherited)",
					"@executable_path/Frameworks",
				);
				MARKETING_VERSION = 1.0;
				PRODUCT_BUNDLE_IDENTIFIER = com.slawbel.CurrencyConverter;
				PRODUCT_NAME = "$(TARGET_NAME)";
				SWIFT_EMIT_LOC_STRINGS = YES;
				SWIFT_VERSION = 5.0;
				TARGETED_DEVICE_FAMILY = "1,2";
			};
			name = Debug;
		};
		9E25D2CD29998C2D00293AB7 /* Release */ = {
			isa = XCBuildConfiguration;
			buildSettings = {
				ASSETCATALOG_COMPILER_GLOBAL_ACCENT_COLOR_NAME = AccentColor;
				CODE_SIGN_STYLE = Automatic;
				CURRENT_PROJECT_VERSION = 1;
				DEVELOPMENT_TEAM = 4A2KG46AV7;
				GENERATE_INFOPLIST_FILE = NO;
				INFOPLIST_FILE = Sources/Info.plist;
				INFOPLIST_KEY_UIApplicationSupportsIndirectInputEvents = YES;
				INFOPLIST_KEY_UISupportedInterfaceOrientations_iPad = "UIInterfaceOrientationPortrait UIInterfaceOrientationPortraitUpsideDown UIInterfaceOrientationLandscapeLeft UIInterfaceOrientationLandscapeRight";
				INFOPLIST_KEY_UISupportedInterfaceOrientations_iPhone = "UIInterfaceOrientationPortrait UIInterfaceOrientationLandscapeLeft UIInterfaceOrientationLandscapeRight";
				LD_RUNPATH_SEARCH_PATHS = (
					"$(inherited)",
					"@executable_path/Frameworks",
				);
				MARKETING_VERSION = 1.0;
				PRODUCT_BUNDLE_IDENTIFIER = com.slawbel.CurrencyConverter;
				PRODUCT_NAME = "$(TARGET_NAME)";
				SWIFT_EMIT_LOC_STRINGS = YES;
				SWIFT_VERSION = 5.0;
				TARGETED_DEVICE_FAMILY = "1,2";
			};
			name = Release;
		};
/* End XCBuildConfiguration section */

/* Begin XCConfigurationList section */
		9E25D2B229998C2B00293AB7 /* Build configuration list for PBXProject "CurrencyConverter" */ = {
			isa = XCConfigurationList;
			buildConfigurations = (
				9E25D2C929998C2D00293AB7 /* Debug */,
				9E25D2CA29998C2D00293AB7 /* Release */,
			);
			defaultConfigurationIsVisible = 0;
			defaultConfigurationName = Release;
		};
		9E25D2CB29998C2D00293AB7 /* Build configuration list for PBXNativeTarget "CurrencyConverter" */ = {
			isa = XCConfigurationList;
			buildConfigurations = (
				9E25D2CC29998C2D00293AB7 /* Debug */,
				9E25D2CD29998C2D00293AB7 /* Release */,
			);
			defaultConfigurationIsVisible = 0;
			defaultConfigurationName = Release;
		};
/* End XCConfigurationList section */

/* Begin XCRemoteSwiftPackageReference section */
		A2B4970429AACC060017A82A /* XCRemoteSwiftPackageReference "SwifterSwift" */ = {
			isa = XCRemoteSwiftPackageReference;
			repositoryURL = "https://github.com/SwifterSwift/SwifterSwift";
			requirement = {
				branch = master;
				kind = branch;
			};
		};
		A2C48EAB29E47990004A5594 /* XCRemoteSwiftPackageReference "Charts" */ = {
			isa = XCRemoteSwiftPackageReference;
			repositoryURL = "https://github.com/danielgindi/Charts";
			requirement = {
				kind = upToNextMajorVersion;
				minimumVersion = 4.1.0;
			};
		};
		A2EA572F2AD2DA6F0043EB27 /* XCRemoteSwiftPackageReference "swift-collections" */ = {
			isa = XCRemoteSwiftPackageReference;
			repositoryURL = "https://github.com/apple/swift-collections.git";
			requirement = {
				kind = upToNextMajorVersion;
				minimumVersion = 1.0.5;
			};
		};
		A2F83E1E299AE3AA00FAE989 /* XCRemoteSwiftPackageReference "SnapKit" */ = {
			isa = XCRemoteSwiftPackageReference;
			repositoryURL = "https://github.com/SnapKit/SnapKit";
			requirement = {
				kind = upToNextMajorVersion;
				minimumVersion = 5.0.0;
			};
		};
		A2FEBA7829D4EF99006363DB /* XCRemoteSwiftPackageReference "Swiftstraints" */ = {
			isa = XCRemoteSwiftPackageReference;
			repositoryURL = "https://github.com/Skyvive/Swiftstraints";
			requirement = {
				kind = upToNextMajorVersion;
				minimumVersion = 5.0.0;
			};
		};
/* End XCRemoteSwiftPackageReference section */

/* Begin XCSwiftPackageProductDependency section */
		A2B4970529AACC060017A82A /* SwifterSwift */ = {
			isa = XCSwiftPackageProductDependency;
			package = A2B4970429AACC060017A82A /* XCRemoteSwiftPackageReference "SwifterSwift" */;
			productName = SwifterSwift;
		};
		A2C48EAC29E47990004A5594 /* Charts */ = {
			isa = XCSwiftPackageProductDependency;
			package = A2C48EAB29E47990004A5594 /* XCRemoteSwiftPackageReference "Charts" */;
			productName = Charts;
		};
		A2EA57302AD2DA6F0043EB27 /* Collections */ = {
			isa = XCSwiftPackageProductDependency;
			package = A2EA572F2AD2DA6F0043EB27 /* XCRemoteSwiftPackageReference "swift-collections" */;
			productName = Collections;
		};
		A2EA57322AD2DA6F0043EB27 /* DequeModule */ = {
			isa = XCSwiftPackageProductDependency;
			package = A2EA572F2AD2DA6F0043EB27 /* XCRemoteSwiftPackageReference "swift-collections" */;
			productName = DequeModule;
		};
		A2EA57342AD2DA6F0043EB27 /* OrderedCollections */ = {
			isa = XCSwiftPackageProductDependency;
			package = A2EA572F2AD2DA6F0043EB27 /* XCRemoteSwiftPackageReference "swift-collections" */;
			productName = OrderedCollections;
		};
		A2F83E1F299AE3AA00FAE989 /* SnapKit */ = {
			isa = XCSwiftPackageProductDependency;
			package = A2F83E1E299AE3AA00FAE989 /* XCRemoteSwiftPackageReference "SnapKit" */;
			productName = SnapKit;
		};
		A2FEBA7929D4EF99006363DB /* Swiftstraints */ = {
			isa = XCSwiftPackageProductDependency;
			package = A2FEBA7829D4EF99006363DB /* XCRemoteSwiftPackageReference "Swiftstraints" */;
			productName = Swiftstraints;
		};
/* End XCSwiftPackageProductDependency section */

/* Begin XCVersionGroup section */
		A261608B2AEC7CAC00C6DF13 /* Model.xcdatamodeld */ = {
			isa = XCVersionGroup;
			children = (
				A261608C2AEC7CAC00C6DF13 /* Model.xcdatamodel */,
			);
			currentVersion = A261608C2AEC7CAC00C6DF13 /* Model.xcdatamodel */;
			path = Model.xcdatamodeld;
			sourceTree = "<group>";
			versionGroupType = wrapper.xcdatamodel;
		};
/* End XCVersionGroup section */
	};
	rootObject = 9E25D2AF29998C2B00293AB7 /* Project object */;
}
